
Microsoft Visual Studio Solution File, Format Version 12.00
# Visual Studio Version 16
VisualStudioVersion = 16.0.29409.12
MinimumVisualStudioVersion = 15.0.26124.0
Project("{2150E333-8FDC-42A3-9474-1A3956D46DE8}") = "src", "src", "{703F7A3C-8FFD-4491-8F25-4F97B94169A7}"
EndProject
Project("{9A19103F-16F7-4668-BE54-9A1E7A4F7556}") = "FluentBlob.Core", "src\FluentBlob.Core\FluentBlob.Core.csproj", "{58FB56C2-429B-4417-845A-268D47249459}"
EndProject
Project("{9A19103F-16F7-4668-BE54-9A1E7A4F7556}") = "client", "client\client.csproj", "{28084080-CFB1-413E-A447-68D6121A766A}"
EndProject
Project("{2150E333-8FDC-42A3-9474-1A3956D46DE8}") = "test", "test", "{157E480C-ECD7-4E13-9BAF-ECE8E51A38C5}"
EndProject
Project("{9A19103F-16F7-4668-BE54-9A1E7A4F7556}") = "test", "test\test.csproj", "{6B303F1C-DCF9-40CA-8290-1CD72AC01719}"
EndProject
Project("{2150E333-8FDC-42A3-9474-1A3956D46DE8}") = "data", "data", "{10E6DD06-1AE5-4381-9B59-9AFD1720CE68}"
EndProject
Global
	GlobalSection(SolutionConfigurationPlatforms) = preSolution
		Debug|Any CPU = Debug|Any CPU
		Debug|x64 = Debug|x64
		Debug|x86 = Debug|x86
		Release|Any CPU = Release|Any CPU
		Release|x64 = Release|x64
		Release|x86 = Release|x86
	EndGlobalSection
	GlobalSection(ProjectConfigurationPlatforms) = postSolution
		{58FB56C2-429B-4417-845A-268D47249459}.Debug|Any CPU.ActiveCfg = Debug|Any CPU
		{58FB56C2-429B-4417-845A-268D47249459}.Debug|Any CPU.Build.0 = Debug|Any CPU
		{58FB56C2-429B-4417-845A-268D47249459}.Debug|x64.ActiveCfg = Debug|Any CPU
		{58FB56C2-429B-4417-845A-268D47249459}.Debug|x64.Build.0 = Debug|Any CPU
		{58FB56C2-429B-4417-845A-268D47249459}.Debug|x86.ActiveCfg = Debug|Any CPU
		{58FB56C2-429B-4417-845A-268D47249459}.Debug|x86.Build.0 = Debug|Any CPU
		{58FB56C2-429B-4417-845A-268D47249459}.Release|Any CPU.ActiveCfg = Release|Any CPU
		{58FB56C2-429B-4417-845A-268D47249459}.Release|Any CPU.Build.0 = Release|Any CPU
		{58FB56C2-429B-4417-845A-268D47249459}.Release|x64.ActiveCfg = Release|Any CPU
		{58FB56C2-429B-4417-845A-268D47249459}.Release|x64.Build.0 = Release|Any CPU
		{58FB56C2-429B-4417-845A-268D47249459}.Release|x86.ActiveCfg = Release|Any CPU
		{58FB56C2-429B-4417-845A-268D47249459}.Release|x86.Build.0 = Release|Any CPU
		{28084080-CFB1-413E-A447-68D6121A766A}.Debug|Any CPU.ActiveCfg = Debug|Any CPU
		{28084080-CFB1-413E-A447-68D6121A766A}.Debug|Any CPU.Build.0 = Debug|Any CPU
		{28084080-CFB1-413E-A447-68D6121A766A}.Debug|x64.ActiveCfg = Debug|Any CPU
		{28084080-CFB1-413E-A447-68D6121A766A}.Debug|x64.Build.0 = Debug|Any CPU
		{28084080-CFB1-413E-A447-68D6121A766A}.Debug|x86.ActiveCfg = Debug|Any CPU
		{28084080-CFB1-413E-A447-68D6121A766A}.Debug|x86.Build.0 = Debug|Any CPU
		{28084080-CFB1-413E-A447-68D6121A766A}.Release|Any CPU.ActiveCfg = Release|Any CPU
		{28084080-CFB1-413E-A447-68D6121A766A}.Release|Any CPU.Build.0 = Release|Any CPU
		{28084080-CFB1-413E-A447-68D6121A766A}.Release|x64.ActiveCfg = Release|Any CPU
		{28084080-CFB1-413E-A447-68D6121A766A}.Release|x64.Build.0 = Release|Any CPU
		{28084080-CFB1-413E-A447-68D6121A766A}.Release|x86.ActiveCfg = Release|Any CPU
		{28084080-CFB1-413E-A447-68D6121A766A}.Release|x86.Build.0 = Release|Any CPU
		{6B303F1C-DCF9-40CA-8290-1CD72AC01719}.Debug|Any CPU.ActiveCfg = Debug|Any CPU
		{6B303F1C-DCF9-40CA-8290-1CD72AC01719}.Debug|Any CPU.Build.0 = Debug|Any CPU
		{6B303F1C-DCF9-40CA-8290-1CD72AC01719}.Debug|x64.ActiveCfg = Debug|Any CPU
		{6B303F1C-DCF9-40CA-8290-1CD72AC01719}.Debug|x64.Build.0 = Debug|Any CPU
		{6B303F1C-DCF9-40CA-8290-1CD72AC01719}.Debug|x86.ActiveCfg = Debug|Any CPU
		{6B303F1C-DCF9-40CA-8290-1CD72AC01719}.Debug|x86.Build.0 = Debug|Any CPU
		{6B303F1C-DCF9-40CA-8290-1CD72AC01719}.Release|Any CPU.ActiveCfg = Release|Any CPU
		{6B303F1C-DCF9-40CA-8290-1CD72AC01719}.Release|Any CPU.Build.0 = Release|Any CPU
		{6B303F1C-DCF9-40CA-8290-1CD72AC01719}.Release|x64.ActiveCfg = Release|Any CPU
		{6B303F1C-DCF9-40CA-8290-1CD72AC01719}.Release|x64.Build.0 = Release|Any CPU
		{6B303F1C-DCF9-40CA-8290-1CD72AC01719}.Release|x86.ActiveCfg = Release|Any CPU
		{6B303F1C-DCF9-40CA-8290-1CD72AC01719}.Release|x86.Build.0 = Release|Any CPU
	EndGlobalSection
	GlobalSection(SolutionProperties) = preSolution
		HideSolutionNode = FALSE
	EndGlobalSection
	GlobalSection(NestedProjects) = preSolution
		{58FB56C2-429B-4417-845A-268D47249459} = {703F7A3C-8FFD-4491-8F25-4F97B94169A7}
		{6B303F1C-DCF9-40CA-8290-1CD72AC01719} = {157E480C-ECD7-4E13-9BAF-ECE8E51A38C5}
		{10E6DD06-1AE5-4381-9B59-9AFD1720CE68} = {157E480C-ECD7-4E13-9BAF-ECE8E51A38C5}
	EndGlobalSection
	GlobalSection(ExtensibilityGlobals) = postSolution
		SolutionGuid = {C5FBB77C-AF9F-4C83-B792-3C12A2C73BDE}
	EndGlobalSection
EndGlobal
